
Microsoft Visual Studio Solution File, Format Version 12.00
# Visual Studio Version 17
VisualStudioVersion = 17.11.35312.102
MinimumVisualStudioVersion = 10.0.40219.1
Project("{FAE04EC0-301F-11D3-BF4B-00C04F79EFBC}") = "MediaLibrary", "MediaLibrary\MediaLibrary.csproj", "{22BF29B9-4889-4442-9924-E419A7CCA5DF}"
EndProject
Global
	GlobalSection(SolutionConfigurationPlatforms) = preSolution
		Debug|Any CPU = Debug|Any CPU
		Release|Any CPU = Release|Any CPU
	EndGlobalSection
	GlobalSection(ProjectConfigurationPlatforms) = postSolution
		{22BF29B9-4889-4442-9924-E419A7CCA5DF}.Debug|Any CPU.ActiveCfg = Debug|Any CPU
		{22BF29B9-4889-4442-9924-E419A7CCA5DF}.Debug|Any CPU.Build.0 = Debug|Any CPU
		{22BF29B9-4889-4442-9924-E419A7CCA5DF}.Release|Any CPU.ActiveCfg = Release|Any CPU
		{22BF29B9-4889-4442-9924-E419A7CCA5DF}.Release|Any CPU.Build.0 = Release|Any CPU
	EndGlobalSection
	GlobalSection(SolutionProperties) = preSolution
		HideSolutionNode = FALSE
	EndGlobalSection
	GlobalSection(ExtensibilityGlobals) = postSolution
		SolutionGuid = {142179B2-37E9-4559-9A32-F3437E59F0E0}
	EndGlobalSection
EndGlobal
