
Microsoft Visual Studio Solution File, Format Version 12.00
# Visual Studio Version 17
VisualStudioVersion = 17.11.35312.102
MinimumVisualStudioVersion = 10.0.40219.1
Project("{9A19103F-16F7-4668-BE54-9A1E7A4F7556}") = "PersonMatching", "PersonMatching.csproj", "{7B32F618-616D-4D6C-A1E0-6D77EF84F4EF}"
EndProject
Project("{FAE04EC0-301F-11D3-BF4B-00C04F79EFBC}") = "PersonMatching.Tests", "..\PersonMatching.Tests\PersonMatching.Tests.csproj", "{2D4BB140-F9E5-4ECD-9CA9-6CBC07D76AB5}"
EndProject
Global
	GlobalSection(SolutionConfigurationPlatforms) = preSolution
		Debug|Any CPU = Debug|Any CPU
		Release|Any CPU = Release|Any CPU
	EndGlobalSection
	GlobalSection(ProjectConfigurationPlatforms) = postSolution
		{7B32F618-616D-4D6C-A1E0-6D77EF84F4EF}.Debug|Any CPU.ActiveCfg = Debug|Any CPU
		{7B32F618-616D-4D6C-A1E0-6D77EF84F4EF}.Debug|Any CPU.Build.0 = Debug|Any CPU
		{7B32F618-616D-4D6C-A1E0-6D77EF84F4EF}.Release|Any CPU.ActiveCfg = Release|Any CPU
		{7B32F618-616D-4D6C-A1E0-6D77EF84F4EF}.Release|Any CPU.Build.0 = Release|Any CPU
		{2D4BB140-F9E5-4ECD-9CA9-6CBC07D76AB5}.Debug|Any CPU.ActiveCfg = Debug|Any CPU
		{2D4BB140-F9E5-4ECD-9CA9-6CBC07D76AB5}.Debug|Any CPU.Build.0 = Debug|Any CPU
		{2D4BB140-F9E5-4ECD-9CA9-6CBC07D76AB5}.Release|Any CPU.ActiveCfg = Release|Any CPU
		{2D4BB140-F9E5-4ECD-9CA9-6CBC07D76AB5}.Release|Any CPU.Build.0 = Release|Any CPU
	EndGlobalSection
	GlobalSection(SolutionProperties) = preSolution
		HideSolutionNode = FALSE
	EndGlobalSection
	GlobalSection(ExtensibilityGlobals) = postSolution
		SolutionGuid = {96DFF146-780A-446E-81D3-86FD2FA8C60A}
	EndGlobalSection
EndGlobal
